# This is a Gradle generated file for dependency locking.
# Manual edits can break the build and are not advised.
# This file is expected to be part of source control.
com.fasterxml.jackson.core:jackson-core:2.11.2=compileClasspath,default,runtimeClasspath,testCompileClasspath,testRuntimeClasspath
com.google.code.findbugs:jsr305:3.0.2=compileClasspath,default,runtimeClasspath,testCompileClasspath,testRuntimeClasspath
org.apiguardian:apiguardian-api:1.1.0=testCompileClasspath,testRuntimeClasspath
org.junit.jupiter:junit-jupiter-api:5.6.2=testCompileClasspath,testRuntimeClasspath
org.junit.jupiter:junit-jupiter-engine:5.6.2=testCompileClasspath,testRuntimeClasspath
org.junit.platform:junit-platform-commons:1.6.2=testCompileClasspath,testRuntimeClasspath
org.junit.platform:junit-platform-engine:1.6.2=testCompileClasspath,testRuntimeClasspath
org.junit:junit-bom:5.6.2=testCompileClasspath,testRuntimeClasspath
org.opentest4j:opentest4j:1.2.0=testCompileClasspath,testRuntimeClasspath
empty=annotationProcessor,archives,compile,compileOnly,runtime,signatures,testAnnotationProcessor,testCompile,testCompileOnly,testRuntime
