# This is a Gradle generated file for dependency locking.
# Manual edits can break the build and are not advised.
# This file is expected to be part of source control.
com.atlassian.commonmark:commonmark:0.17.0=oasGenGeneratorTest1,oasGenGeneratorTest2
com.fasterxml.jackson.core:jackson-annotations:2.13.2=compileClasspath,oasGenGeneratorTest1,oasGenGeneratorTest2,runtimeClasspath,testCompileClasspath,testRuntimeClasspath
com.fasterxml.jackson.core:jackson-core:2.13.2=compileClasspath,oasGenGeneratorTest1,oasGenGeneratorTest2,runtimeClasspath,testCompileClasspath,testRuntimeClasspath
com.fasterxml.jackson.core:jackson-databind:2.13.2.2=compileClasspath,oasGenGeneratorTest1,oasGenGeneratorTest2,runtimeClasspath,testCompileClasspath,testRuntimeClasspath
com.fasterxml.jackson.dataformat:jackson-dataformat-yaml:2.13.2=oasGenGeneratorTest1,oasGenGeneratorTest2
com.fasterxml.jackson:jackson-bom:2.13.2=compileClasspath,oasGenGeneratorTest1,oasGenGeneratorTest2,runtimeClasspath,testCompileClasspath,testRuntimeClasspath
com.google.code.findbugs:jsr305:3.0.2=compileClasspath,runtimeClasspath,testCompileClasspath,testRuntimeClasspath
commons-codec:commons-codec:1.15=runtimeClasspath,testRuntimeClasspath
io.github.fomin.oas-gen:oas-gen-core:0.2.2-SNAPSHOT=oasGenGeneratorTest1,oasGenGeneratorTest2
io.github.fomin.oas-gen:oas-gen-java-dto-generator:0.2.2-SNAPSHOT=oasGenGeneratorTest1
io.github.fomin.oas-gen:oas-gen-java-dto-runtime:0.2.2-SNAPSHOT=compileClasspath,runtimeClasspath,testCompileClasspath,testRuntimeClasspath
io.github.fomin.oas-gen:oas-gen-java-reactor-netty-generator:0.2.2-SNAPSHOT=oasGenGeneratorTest1
io.github.fomin.oas-gen:oas-gen-java-reactor-netty-runtime:0.2.2-SNAPSHOT=compileClasspath,runtimeClasspath,testCompileClasspath,testRuntimeClasspath
io.github.fomin.oas-gen:oas-gen-java-url-utils:0.2.2-SNAPSHOT=compileClasspath,runtimeClasspath,testCompileClasspath,testRuntimeClasspath
io.github.fomin.oas-gen:oas-gen-typescript-dto-generator:0.2.2-SNAPSHOT=oasGenGeneratorTest2
io.github.fomin.oas-gen:oas-gen-typescript-simple-generator:0.2.2-SNAPSHOT=oasGenGeneratorTest2
io.netty.incubator:netty-incubator-codec-classes-quic:0.0.26.Final=runtimeClasspath,testRuntimeClasspath
io.netty.incubator:netty-incubator-codec-native-quic:0.0.26.Final=runtimeClasspath,testRuntimeClasspath
io.netty:netty-buffer:4.1.75.Final=compileClasspath,runtimeClasspath,testCompileClasspath,testRuntimeClasspath
io.netty:netty-codec-dns:4.1.75.Final=compileClasspath,runtimeClasspath,testCompileClasspath,testRuntimeClasspath
io.netty:netty-codec-http2:4.1.75.Final=compileClasspath,runtimeClasspath,testCompileClasspath,testRuntimeClasspath
io.netty:netty-codec-http:4.1.75.Final=compileClasspath,runtimeClasspath,testCompileClasspath,testRuntimeClasspath
io.netty:netty-codec-socks:4.1.75.Final=compileClasspath,runtimeClasspath,testCompileClasspath,testRuntimeClasspath
io.netty:netty-codec:4.1.75.Final=compileClasspath,runtimeClasspath,testCompileClasspath,testRuntimeClasspath
io.netty:netty-common:4.1.75.Final=compileClasspath,runtimeClasspath,testCompileClasspath,testRuntimeClasspath
io.netty:netty-handler-proxy:4.1.75.Final=compileClasspath,runtimeClasspath,testCompileClasspath,testRuntimeClasspath
io.netty:netty-handler:4.1.75.Final=compileClasspath,runtimeClasspath,testCompileClasspath,testRuntimeClasspath
io.netty:netty-resolver-dns-classes-macos:4.1.75.Final=compileClasspath,runtimeClasspath,testCompileClasspath,testRuntimeClasspath
io.netty:netty-resolver-dns-native-macos:4.1.75.Final=compileClasspath,runtimeClasspath,testCompileClasspath,testRuntimeClasspath
io.netty:netty-resolver-dns:4.1.75.Final=compileClasspath,runtimeClasspath,testCompileClasspath,testRuntimeClasspath
io.netty:netty-resolver:4.1.75.Final=compileClasspath,runtimeClasspath,testCompileClasspath,testRuntimeClasspath
io.netty:netty-transport-classes-epoll:4.1.75.Final=compileClasspath,runtimeClasspath,testCompileClasspath,testRuntimeClasspath
io.netty:netty-transport-native-epoll:4.1.75.Final=compileClasspath,runtimeClasspath,testCompileClasspath,testRuntimeClasspath
io.netty:netty-transport-native-unix-common:4.1.75.Final=compileClasspath,runtimeClasspath,testCompileClasspath,testRuntimeClasspath
io.netty:netty-transport:4.1.75.Final=compileClasspath,runtimeClasspath,testCompileClasspath,testRuntimeClasspath
io.projectreactor.netty.incubator:reactor-netty-incubator-quic:0.0.6=runtimeClasspath,testRuntimeClasspath
io.projectreactor.netty:reactor-netty-core:1.0.17=compileClasspath,runtimeClasspath,testCompileClasspath,testRuntimeClasspath
io.projectreactor.netty:reactor-netty-http-brave:1.0.17=runtimeClasspath,testRuntimeClasspath
io.projectreactor.netty:reactor-netty-http:1.0.17=compileClasspath,runtimeClasspath,testCompileClasspath,testRuntimeClasspath
io.projectreactor.netty:reactor-netty:1.0.17=compileClasspath,runtimeClasspath,testCompileClasspath,testRuntimeClasspath
io.projectreactor:reactor-core:3.4.16=compileClasspath,runtimeClasspath,testCompileClasspath,testRuntimeClasspath
io.zipkin.brave:brave-instrumentation-http:5.13.7=runtimeClasspath,testRuntimeClasspath
io.zipkin.brave:brave:5.13.7=runtimeClasspath,testRuntimeClasspath
io.zipkin.reporter2:zipkin-reporter-brave:2.16.3=runtimeClasspath,testRuntimeClasspath
io.zipkin.reporter2:zipkin-reporter:2.16.3=runtimeClasspath,testRuntimeClasspath
io.zipkin.zipkin2:zipkin:2.23.2=runtimeClasspath,testRuntimeClasspath
org.commonmark:commonmark:0.17.0=oasGenGeneratorTest1,oasGenGeneratorTest2
org.jetbrains.kotlin:kotlin-stdlib-common:1.6.20-RC=oasGenGeneratorTest1,oasGenGeneratorTest2
org.jetbrains.kotlin:kotlin-stdlib-jdk7:1.6.20-RC=oasGenGeneratorTest1,oasGenGeneratorTest2
org.jetbrains.kotlin:kotlin-stdlib-jdk8:1.6.20-RC=oasGenGeneratorTest1,oasGenGeneratorTest2
org.jetbrains.kotlin:kotlin-stdlib:1.6.20-RC=oasGenGeneratorTest1,oasGenGeneratorTest2
org.jetbrains:annotations:13.0=oasGenGeneratorTest1,oasGenGeneratorTest2
org.reactivestreams:reactive-streams:1.0.3=compileClasspath,runtimeClasspath,testCompileClasspath,testRuntimeClasspath
org.yaml:snakeyaml:1.30=oasGenGeneratorTest1,oasGenGeneratorTest2
empty=annotationProcessor,oasGen3Source,oasGenSourceTest1,oasGenSourceTest2,testAnnotationProcessor
