# This is a Gradle generated file for dependency locking.
# Manual edits can break the build and are not advised.
# This file is expected to be part of source control.
com.fasterxml.jackson.core:jackson-core:2.12.1=compileClasspath,default,runtimeClasspath,testCompileClasspath,testRuntimeClasspath
com.fasterxml.jackson:jackson-bom:2.12.1=compileClasspath,default,runtimeClasspath,testCompileClasspath,testRuntimeClasspath
com.google.code.findbugs:jsr305:3.0.2=compileClasspath,default,runtimeClasspath,testCompileClasspath,testRuntimeClasspath
io.netty:netty-buffer:4.1.59.Final=compileClasspath,default,runtimeClasspath,testCompileClasspath,testRuntimeClasspath
io.netty:netty-codec-dns:4.1.59.Final=compileClasspath,default,runtimeClasspath,testCompileClasspath,testRuntimeClasspath
io.netty:netty-codec-http2:4.1.59.Final=compileClasspath,default,runtimeClasspath,testCompileClasspath,testRuntimeClasspath
io.netty:netty-codec-http:4.1.59.Final=compileClasspath,default,runtimeClasspath,testCompileClasspath,testRuntimeClasspath
io.netty:netty-codec-socks:4.1.59.Final=compileClasspath,default,runtimeClasspath,testCompileClasspath,testRuntimeClasspath
io.netty:netty-codec:4.1.59.Final=compileClasspath,default,runtimeClasspath,testCompileClasspath,testRuntimeClasspath
io.netty:netty-common:4.1.59.Final=compileClasspath,default,runtimeClasspath,testCompileClasspath,testRuntimeClasspath
io.netty:netty-handler-proxy:4.1.59.Final=compileClasspath,default,runtimeClasspath,testCompileClasspath,testRuntimeClasspath
io.netty:netty-handler:4.1.59.Final=compileClasspath,default,runtimeClasspath,testCompileClasspath,testRuntimeClasspath
io.netty:netty-resolver-dns-native-macos:4.1.59.Final=compileClasspath,default,runtimeClasspath,testCompileClasspath,testRuntimeClasspath
io.netty:netty-resolver-dns:4.1.59.Final=compileClasspath,default,runtimeClasspath,testCompileClasspath,testRuntimeClasspath
io.netty:netty-resolver:4.1.59.Final=compileClasspath,default,runtimeClasspath,testCompileClasspath,testRuntimeClasspath
io.netty:netty-transport-native-epoll:4.1.59.Final=compileClasspath,default,runtimeClasspath,testCompileClasspath,testRuntimeClasspath
io.netty:netty-transport-native-unix-common:4.1.59.Final=compileClasspath,default,runtimeClasspath,testCompileClasspath,testRuntimeClasspath
io.netty:netty-transport:4.1.59.Final=compileClasspath,default,runtimeClasspath,testCompileClasspath,testRuntimeClasspath
io.projectreactor.netty:reactor-netty-core:1.0.4=compileClasspath,default,runtimeClasspath,testCompileClasspath,testRuntimeClasspath
io.projectreactor.netty:reactor-netty-http-brave:1.0.4=default,runtimeClasspath,testRuntimeClasspath
io.projectreactor.netty:reactor-netty-http:1.0.4=compileClasspath,default,runtimeClasspath,testCompileClasspath,testRuntimeClasspath
io.projectreactor.netty:reactor-netty:1.0.4=compileClasspath,default,runtimeClasspath,testCompileClasspath,testRuntimeClasspath
io.projectreactor:reactor-core:3.4.3=compileClasspath,default,runtimeClasspath,testCompileClasspath,testRuntimeClasspath
io.zipkin.brave:brave-instrumentation-http:5.13.3=default,runtimeClasspath,testRuntimeClasspath
io.zipkin.brave:brave:5.13.3=default,runtimeClasspath,testRuntimeClasspath
io.zipkin.reporter2:zipkin-reporter-brave:2.16.3=default,runtimeClasspath,testRuntimeClasspath
io.zipkin.reporter2:zipkin-reporter:2.16.3=default,runtimeClasspath,testRuntimeClasspath
io.zipkin.zipkin2:zipkin:2.23.2=default,runtimeClasspath,testRuntimeClasspath
org.apiguardian:apiguardian-api:1.1.0=testCompileClasspath,testRuntimeClasspath
org.junit.jupiter:junit-jupiter-api:5.7.1=testCompileClasspath,testRuntimeClasspath
org.junit.jupiter:junit-jupiter-engine:5.7.1=testCompileClasspath,testRuntimeClasspath
org.junit.platform:junit-platform-commons:1.7.1=testCompileClasspath,testRuntimeClasspath
org.junit.platform:junit-platform-engine:1.7.1=testCompileClasspath,testRuntimeClasspath
org.junit:junit-bom:5.7.1=testCompileClasspath,testRuntimeClasspath
org.opentest4j:opentest4j:1.2.0=testCompileClasspath,testRuntimeClasspath
org.reactivestreams:reactive-streams:1.0.3=compileClasspath,default,runtimeClasspath,testCompileClasspath,testRuntimeClasspath
empty=annotationProcessor,archives,compile,compileOnly,runtime,signatures,testAnnotationProcessor,testCompile,testCompileOnly,testRuntime
