# This is a Gradle generated file for dependency locking.
# Manual edits can break the build and are not advised.
# This file is expected to be part of source control.
com.atlassian.commonmark:commonmark:0.17.0=oasGen3Classpath,oasGenGeneratorTest1,oasGenGeneratorTest2,oasGenGeneratorTest3
com.fasterxml.jackson.core:jackson-annotations:2.12.5=compileClasspath,implementationDependenciesMetadata,oasGen3Classpath,oasGenGeneratorTest1,oasGenGeneratorTest2,oasGenGeneratorTest3,runtimeClasspath,testCompileClasspath,testImplementationDependenciesMetadata,testRuntimeClasspath
com.fasterxml.jackson.core:jackson-core:2.12.5=compileClasspath,implementationDependenciesMetadata,oasGen3Classpath,oasGenGeneratorTest1,oasGenGeneratorTest2,oasGenGeneratorTest3,runtimeClasspath,testCompileClasspath,testImplementationDependenciesMetadata,testRuntimeClasspath
com.fasterxml.jackson.core:jackson-databind:2.12.5=compileClasspath,implementationDependenciesMetadata,oasGen3Classpath,oasGenGeneratorTest1,oasGenGeneratorTest2,oasGenGeneratorTest3,runtimeClasspath,testCompileClasspath,testImplementationDependenciesMetadata,testRuntimeClasspath
com.fasterxml.jackson.dataformat:jackson-dataformat-yaml:2.12.5=oasGen3Classpath,oasGenGeneratorTest1,oasGenGeneratorTest2,oasGenGeneratorTest3
com.fasterxml.jackson:jackson-bom:2.12.5=compileClasspath,implementationDependenciesMetadata,oasGen3Classpath,oasGenGeneratorTest1,oasGenGeneratorTest2,oasGenGeneratorTest3,runtimeClasspath,testCompileClasspath,testImplementationDependenciesMetadata,testRuntimeClasspath
com.google.code.findbugs:jsr305:3.0.2=compileClasspath,implementationDependenciesMetadata,runtimeClasspath,testCompileClasspath,testImplementationDependenciesMetadata,testRuntimeClasspath
io.github.fomin.oas-gen:oas-gen-core:0.1.14-SNAPSHOT=oasGen3Classpath,oasGenGeneratorTest1,oasGenGeneratorTest2,oasGenGeneratorTest3
io.github.fomin.oas-gen:oas-gen-java-dto-generator:0.1.14-SNAPSHOT=oasGen3Classpath,oasGenGeneratorTest1,oasGenGeneratorTest3
io.github.fomin.oas-gen:oas-gen-java-dto-runtime:0.1.14-SNAPSHOT=compileClasspath,implementationDependenciesMetadata,runtimeClasspath,testCompileClasspath,testImplementationDependenciesMetadata,testRuntimeClasspath
io.github.fomin.oas-gen:oas-gen-java-reactor-netty-generator:0.1.14-SNAPSHOT=oasGen3Classpath,oasGenGeneratorTest1,oasGenGeneratorTest3
io.github.fomin.oas-gen:oas-gen-java-reactor-netty-runtime:0.1.14-SNAPSHOT=compileClasspath,implementationDependenciesMetadata,runtimeClasspath,testCompileClasspath,testImplementationDependenciesMetadata,testRuntimeClasspath
io.github.fomin.oas-gen:oas-gen-java-url-utils:0.1.14-SNAPSHOT=compileClasspath,implementationDependenciesMetadata,runtimeClasspath,testCompileClasspath,testImplementationDependenciesMetadata,testRuntimeClasspath
io.github.fomin.oas-gen:oas-gen-test-schemas:0.1.14-SNAPSHOT=oasGenSourceTest3
io.github.fomin.oas-gen:oas-gen-typescript-dto-generator:0.1.14-SNAPSHOT=oasGenGeneratorTest2
io.github.fomin.oas-gen:oas-gen-typescript-simple-generator:0.1.14-SNAPSHOT=oasGenGeneratorTest2
io.netty:netty-buffer:4.1.66.Final=compileClasspath,implementationDependenciesMetadata,runtimeClasspath,testCompileClasspath,testImplementationDependenciesMetadata,testRuntimeClasspath
io.netty:netty-codec-dns:4.1.66.Final=compileClasspath,implementationDependenciesMetadata,runtimeClasspath,testCompileClasspath,testImplementationDependenciesMetadata,testRuntimeClasspath
io.netty:netty-codec-http2:4.1.66.Final=compileClasspath,implementationDependenciesMetadata,runtimeClasspath,testCompileClasspath,testImplementationDependenciesMetadata,testRuntimeClasspath
io.netty:netty-codec-http:4.1.66.Final=compileClasspath,implementationDependenciesMetadata,runtimeClasspath,testCompileClasspath,testImplementationDependenciesMetadata,testRuntimeClasspath
io.netty:netty-codec-socks:4.1.66.Final=compileClasspath,implementationDependenciesMetadata,runtimeClasspath,testCompileClasspath,testImplementationDependenciesMetadata,testRuntimeClasspath
io.netty:netty-codec:4.1.66.Final=compileClasspath,implementationDependenciesMetadata,runtimeClasspath,testCompileClasspath,testImplementationDependenciesMetadata,testRuntimeClasspath
io.netty:netty-common:4.1.66.Final=compileClasspath,implementationDependenciesMetadata,runtimeClasspath,testCompileClasspath,testImplementationDependenciesMetadata,testRuntimeClasspath
io.netty:netty-handler-proxy:4.1.66.Final=compileClasspath,implementationDependenciesMetadata,runtimeClasspath,testCompileClasspath,testImplementationDependenciesMetadata,testRuntimeClasspath
io.netty:netty-handler:4.1.66.Final=compileClasspath,implementationDependenciesMetadata,runtimeClasspath,testCompileClasspath,testImplementationDependenciesMetadata,testRuntimeClasspath
io.netty:netty-resolver-dns-native-macos:4.1.66.Final=compileClasspath,implementationDependenciesMetadata,runtimeClasspath,testCompileClasspath,testImplementationDependenciesMetadata,testRuntimeClasspath
io.netty:netty-resolver-dns:4.1.66.Final=compileClasspath,implementationDependenciesMetadata,runtimeClasspath,testCompileClasspath,testImplementationDependenciesMetadata,testRuntimeClasspath
io.netty:netty-resolver:4.1.66.Final=compileClasspath,implementationDependenciesMetadata,runtimeClasspath,testCompileClasspath,testImplementationDependenciesMetadata,testRuntimeClasspath
io.netty:netty-transport-native-epoll:4.1.66.Final=compileClasspath,implementationDependenciesMetadata,runtimeClasspath,testCompileClasspath,testImplementationDependenciesMetadata,testRuntimeClasspath
io.netty:netty-transport-native-unix-common:4.1.66.Final=compileClasspath,implementationDependenciesMetadata,runtimeClasspath,testCompileClasspath,testImplementationDependenciesMetadata,testRuntimeClasspath
io.netty:netty-transport:4.1.66.Final=compileClasspath,implementationDependenciesMetadata,runtimeClasspath,testCompileClasspath,testImplementationDependenciesMetadata,testRuntimeClasspath
io.projectreactor.netty:reactor-netty-core:1.0.10=compileClasspath,implementationDependenciesMetadata,runtimeClasspath,testCompileClasspath,testImplementationDependenciesMetadata,testRuntimeClasspath
io.projectreactor.netty:reactor-netty-http-brave:1.0.10=runtimeClasspath,testRuntimeClasspath
io.projectreactor.netty:reactor-netty-http:1.0.10=compileClasspath,implementationDependenciesMetadata,runtimeClasspath,testCompileClasspath,testImplementationDependenciesMetadata,testRuntimeClasspath
io.projectreactor.netty:reactor-netty:1.0.10=compileClasspath,implementationDependenciesMetadata,runtimeClasspath,testCompileClasspath,testImplementationDependenciesMetadata,testRuntimeClasspath
io.projectreactor:reactor-core:3.4.9=compileClasspath,implementationDependenciesMetadata,runtimeClasspath,testCompileClasspath,testImplementationDependenciesMetadata,testRuntimeClasspath
io.zipkin.brave:brave-instrumentation-http:5.13.3=runtimeClasspath,testRuntimeClasspath
io.zipkin.brave:brave:5.13.3=runtimeClasspath,testRuntimeClasspath
io.zipkin.reporter2:zipkin-reporter-brave:2.16.3=runtimeClasspath,testRuntimeClasspath
io.zipkin.reporter2:zipkin-reporter:2.16.3=runtimeClasspath,testRuntimeClasspath
io.zipkin.zipkin2:zipkin:2.23.2=runtimeClasspath,testRuntimeClasspath
org.commonmark:commonmark:0.17.0=oasGen3Classpath,oasGenGeneratorTest1,oasGenGeneratorTest2,oasGenGeneratorTest3
org.jetbrains.intellij.deps:trove4j:1.0.20181211=kotlinCompilerClasspath,kotlinKlibCommonizerClasspath
org.jetbrains.kotlin:kotlin-compiler-embeddable:1.5.31=kotlinCompilerClasspath,kotlinKlibCommonizerClasspath
org.jetbrains.kotlin:kotlin-daemon-embeddable:1.5.31=kotlinCompilerClasspath,kotlinKlibCommonizerClasspath
org.jetbrains.kotlin:kotlin-klib-commonizer-embeddable:1.5.31=kotlinKlibCommonizerClasspath
org.jetbrains.kotlin:kotlin-reflect:1.5.31=kotlinCompilerClasspath,kotlinKlibCommonizerClasspath
org.jetbrains.kotlin:kotlin-script-runtime:1.5.31=kotlinCompilerClasspath,kotlinCompilerPluginClasspathMain,kotlinCompilerPluginClasspathTest,kotlinKlibCommonizerClasspath
org.jetbrains.kotlin:kotlin-scripting-common:1.5.31=kotlinCompilerPluginClasspathMain,kotlinCompilerPluginClasspathTest
org.jetbrains.kotlin:kotlin-scripting-compiler-embeddable:1.5.31=kotlinCompilerPluginClasspathMain,kotlinCompilerPluginClasspathTest
org.jetbrains.kotlin:kotlin-scripting-compiler-impl-embeddable:1.5.31=kotlinCompilerPluginClasspathMain,kotlinCompilerPluginClasspathTest
org.jetbrains.kotlin:kotlin-scripting-jvm:1.5.31=kotlinCompilerPluginClasspathMain,kotlinCompilerPluginClasspathTest
org.jetbrains.kotlin:kotlin-stdlib-common:1.5.30=oasGen3Classpath,oasGenGeneratorTest1,oasGenGeneratorTest2,oasGenGeneratorTest3
org.jetbrains.kotlin:kotlin-stdlib-common:1.5.31=apiDependenciesMetadata,compileClasspath,implementationDependenciesMetadata,kotlinCompilerClasspath,kotlinCompilerPluginClasspathMain,kotlinCompilerPluginClasspathTest,kotlinKlibCommonizerClasspath,runtimeClasspath,testCompileClasspath,testImplementationDependenciesMetadata,testRuntimeClasspath
org.jetbrains.kotlin:kotlin-stdlib-jdk7:1.5.0=kotlinCompilerPluginClasspathMain,kotlinCompilerPluginClasspathTest
org.jetbrains.kotlin:kotlin-stdlib-jdk7:1.5.30=oasGen3Classpath,oasGenGeneratorTest1,oasGenGeneratorTest2,oasGenGeneratorTest3
org.jetbrains.kotlin:kotlin-stdlib-jdk7:1.5.31=apiDependenciesMetadata,compileClasspath,implementationDependenciesMetadata,runtimeClasspath,testCompileClasspath,testImplementationDependenciesMetadata,testRuntimeClasspath
org.jetbrains.kotlin:kotlin-stdlib-jdk8:1.5.0=kotlinCompilerPluginClasspathMain,kotlinCompilerPluginClasspathTest
org.jetbrains.kotlin:kotlin-stdlib-jdk8:1.5.30=oasGen3Classpath,oasGenGeneratorTest1,oasGenGeneratorTest2,oasGenGeneratorTest3
org.jetbrains.kotlin:kotlin-stdlib-jdk8:1.5.31=apiDependenciesMetadata,compileClasspath,implementationDependenciesMetadata,runtimeClasspath,testCompileClasspath,testImplementationDependenciesMetadata,testRuntimeClasspath
org.jetbrains.kotlin:kotlin-stdlib:1.5.30=oasGen3Classpath,oasGenGeneratorTest1,oasGenGeneratorTest2,oasGenGeneratorTest3
org.jetbrains.kotlin:kotlin-stdlib:1.5.31=apiDependenciesMetadata,compileClasspath,implementationDependenciesMetadata,kotlinCompilerClasspath,kotlinCompilerPluginClasspathMain,kotlinCompilerPluginClasspathTest,kotlinKlibCommonizerClasspath,runtimeClasspath,testCompileClasspath,testImplementationDependenciesMetadata,testRuntimeClasspath
org.jetbrains.kotlinx:kotlinx-coroutines-core-jvm:1.5.0=kotlinCompilerPluginClasspathMain,kotlinCompilerPluginClasspathTest
org.jetbrains.kotlinx:kotlinx-coroutines-core:1.5.0=kotlinCompilerPluginClasspathMain,kotlinCompilerPluginClasspathTest
org.jetbrains:annotations:13.0=apiDependenciesMetadata,compileClasspath,implementationDependenciesMetadata,kotlinCompilerClasspath,kotlinCompilerPluginClasspathMain,kotlinCompilerPluginClasspathTest,kotlinKlibCommonizerClasspath,oasGen3Classpath,oasGenGeneratorTest1,oasGenGeneratorTest2,oasGenGeneratorTest3,runtimeClasspath,testCompileClasspath,testImplementationDependenciesMetadata,testRuntimeClasspath
org.reactivestreams:reactive-streams:1.0.3=compileClasspath,implementationDependenciesMetadata,runtimeClasspath,testCompileClasspath,testImplementationDependenciesMetadata,testRuntimeClasspath
org.yaml:snakeyaml:1.27=oasGen3Classpath,oasGenGeneratorTest1,oasGenGeneratorTest2,oasGenGeneratorTest3
empty=annotationProcessor,compileOnly,compileOnlyDependenciesMetadata,intransitiveDependenciesMetadata,kotlinCompilerPluginClasspath,kotlinNativeCompilerPluginClasspath,kotlinScriptDef,kotlinScriptDefExtensions,oasGen3Source,oasGenSourceTest1,oasGenSourceTest2,runtimeOnlyDependenciesMetadata,testAnnotationProcessor,testApiDependenciesMetadata,testCompileOnly,testCompileOnlyDependenciesMetadata,testIntransitiveDependenciesMetadata,testKotlinScriptDef,testKotlinScriptDefExtensions,testRuntimeOnlyDependenciesMetadata
