# This is a Gradle generated file for dependency locking.
# Manual edits can break the build and are not advised.
# This file is expected to be part of source control.
empty=annotationProcessor,archives,compile,compileClasspath,compileOnly,default,runtime,runtimeClasspath,signatures,testAnnotationProcessor,testCompile,testCompileClasspath,testCompileOnly,testRuntime,testRuntimeClasspath
