# This is a Gradle generated file for dependency locking.
# Manual edits can break the build and are not advised.
# This file is expected to be part of source control.
com.fasterxml.jackson.core:jackson-annotations:2.11.0=default,runtimeClasspath,testRuntimeClasspath
com.fasterxml.jackson.core:jackson-core:2.11.0=default,runtimeClasspath,testRuntimeClasspath
com.fasterxml.jackson.core:jackson-databind:2.11.0=default,runtimeClasspath,testRuntimeClasspath
com.fasterxml.jackson.dataformat:jackson-dataformat-yaml:2.11.0=default,runtimeClasspath,testRuntimeClasspath
org.jetbrains.intellij.deps:trove4j:1.0.20181211=kotlinCompilerClasspath
org.jetbrains.kotlin:kotlin-compiler-embeddable:1.3.71=kotlinCompilerClasspath
org.jetbrains.kotlin:kotlin-daemon-embeddable:1.3.71=kotlinCompilerClasspath
org.jetbrains.kotlin:kotlin-reflect:1.3.71=kotlinCompilerClasspath
org.jetbrains.kotlin:kotlin-script-runtime:1.3.71=kotlinCompilerClasspath,kotlinCompilerPluginClasspath
org.jetbrains.kotlin:kotlin-scripting-common:1.3.71=kotlinCompilerPluginClasspath
org.jetbrains.kotlin:kotlin-scripting-compiler-embeddable:1.3.71=kotlinCompilerPluginClasspath
org.jetbrains.kotlin:kotlin-scripting-compiler-impl-embeddable:1.3.71=kotlinCompilerPluginClasspath
org.jetbrains.kotlin:kotlin-scripting-jvm:1.3.71=kotlinCompilerPluginClasspath
org.jetbrains.kotlin:kotlin-stdlib-common:1.3.71=apiDependenciesMetadata,compileClasspath,default,implementationDependenciesMetadata,kotlinCompilerClasspath,kotlinCompilerPluginClasspath,runtimeClasspath,testCompileClasspath,testImplementationDependenciesMetadata,testRuntimeClasspath
org.jetbrains.kotlin:kotlin-stdlib-jdk7:1.3.71=apiDependenciesMetadata,compileClasspath,default,implementationDependenciesMetadata,runtimeClasspath,testCompileClasspath,testImplementationDependenciesMetadata,testRuntimeClasspath
org.jetbrains.kotlin:kotlin-stdlib-jdk8:1.3.71=apiDependenciesMetadata,compileClasspath,default,implementationDependenciesMetadata,runtimeClasspath,testCompileClasspath,testImplementationDependenciesMetadata,testRuntimeClasspath
org.jetbrains.kotlin:kotlin-stdlib:1.3.71=apiDependenciesMetadata,compileClasspath,default,implementationDependenciesMetadata,kotlinCompilerClasspath,kotlinCompilerPluginClasspath,runtimeClasspath,testCompileClasspath,testImplementationDependenciesMetadata,testRuntimeClasspath
org.jetbrains.kotlinx:kotlinx-coroutines-core:1.2.1=kotlinCompilerPluginClasspath
org.jetbrains:annotations:13.0=apiDependenciesMetadata,compileClasspath,default,implementationDependenciesMetadata,kotlinCompilerClasspath,kotlinCompilerPluginClasspath,runtimeClasspath,testCompileClasspath,testImplementationDependenciesMetadata,testRuntimeClasspath
org.yaml:snakeyaml:1.26=default,runtimeClasspath,testRuntimeClasspath
empty=annotationProcessor,archives,compile,compileOnly,compileOnlyDependenciesMetadata,kotlinNativeCompilerPluginClasspath,kotlinScriptDef,kotlinScriptDefExtensions,runtime,runtimeOnlyDependenciesMetadata,signatures,testAnnotationProcessor,testApiDependenciesMetadata,testCompile,testCompileOnly,testCompileOnlyDependenciesMetadata,testKotlinScriptDef,testKotlinScriptDefExtensions,testRuntime,testRuntimeOnlyDependenciesMetadata
