# This is a Gradle generated file for dependency locking.
# Manual edits can break the build and are not advised.
# This file is expected to be part of source control.
com.github.gundy:semver4j:0.16.4=default,runtimeClasspath,testRuntimeClasspath
com.google.code.gson:gson:2.8.6=compileClasspath,default,implementationDependenciesMetadata,runtimeClasspath,testCompileClasspath,testImplementationDependenciesMetadata,testRuntimeClasspath
de.undercouch:gradle-download-task:4.0.2=compileClasspath,default,implementationDependenciesMetadata,runtimeClasspath,testCompileClasspath,testImplementationDependenciesMetadata,testRuntimeClasspath
org.antlr:antlr4-runtime:4.5.2-1=default,runtimeClasspath,testRuntimeClasspath
org.jetbrains.intellij.deps:trove4j:1.0.20181211=default,kotlinCompilerClasspath,runtimeClasspath,testRuntimeClasspath
org.jetbrains.kotlin:kotlin-android-extensions:1.4.21-2=default,runtimeClasspath,testRuntimeClasspath
org.jetbrains.kotlin:kotlin-annotation-processing-gradle:1.4.21-2=default,runtimeClasspath,testRuntimeClasspath
org.jetbrains.kotlin:kotlin-build-common:1.4.21-2=default,runtimeClasspath,testRuntimeClasspath
org.jetbrains.kotlin:kotlin-compiler-embeddable:1.3.72=kotlinCompilerClasspath
org.jetbrains.kotlin:kotlin-compiler-embeddable:1.4.21-2=default,runtimeClasspath,testRuntimeClasspath
org.jetbrains.kotlin:kotlin-compiler-runner:1.4.21-2=default,runtimeClasspath,testRuntimeClasspath
org.jetbrains.kotlin:kotlin-daemon-client:1.4.21-2=default,runtimeClasspath,testRuntimeClasspath
org.jetbrains.kotlin:kotlin-daemon-embeddable:1.3.72=kotlinCompilerClasspath
org.jetbrains.kotlin:kotlin-daemon-embeddable:1.4.21-2=default,runtimeClasspath,testRuntimeClasspath
org.jetbrains.kotlin:kotlin-gradle-plugin-api:1.3.72=kotlinCompilerPluginClasspath
org.jetbrains.kotlin:kotlin-gradle-plugin-api:1.4.21-2=compileClasspath,default,implementationDependenciesMetadata,runtimeClasspath,testCompileClasspath,testImplementationDependenciesMetadata,testRuntimeClasspath
org.jetbrains.kotlin:kotlin-gradle-plugin-model:1.3.72=kotlinCompilerPluginClasspath
org.jetbrains.kotlin:kotlin-gradle-plugin-model:1.4.21-2=compileClasspath,default,implementationDependenciesMetadata,runtimeClasspath,testCompileClasspath,testImplementationDependenciesMetadata,testRuntimeClasspath
org.jetbrains.kotlin:kotlin-gradle-plugin:1.4.21-2=compileClasspath,default,implementationDependenciesMetadata,runtimeClasspath,testCompileClasspath,testImplementationDependenciesMetadata,testRuntimeClasspath
org.jetbrains.kotlin:kotlin-native-utils:1.3.72=kotlinCompilerPluginClasspath
org.jetbrains.kotlin:kotlin-reflect:1.3.72=compileClasspath,compileOnly,compileOnlyDependenciesMetadata,embeddedKotlin,kotlinCompilerClasspath,testCompileClasspath,testImplementationDependenciesMetadata
org.jetbrains.kotlin:kotlin-reflect:1.4.21-2=default,runtimeClasspath,testRuntimeClasspath
org.jetbrains.kotlin:kotlin-sam-with-receiver:1.3.72=kotlinCompilerPluginClasspath
org.jetbrains.kotlin:kotlin-script-runtime:1.3.72=kotlinCompilerClasspath,kotlinCompilerPluginClasspath
org.jetbrains.kotlin:kotlin-script-runtime:1.4.21-2=default,runtimeClasspath,testRuntimeClasspath
org.jetbrains.kotlin:kotlin-scripting-common:1.3.72=kotlinCompilerPluginClasspath
org.jetbrains.kotlin:kotlin-scripting-common:1.4.21-2=default,runtimeClasspath,testRuntimeClasspath
org.jetbrains.kotlin:kotlin-scripting-compiler-embeddable:1.3.72=kotlinCompilerPluginClasspath
org.jetbrains.kotlin:kotlin-scripting-compiler-embeddable:1.4.21-2=default,runtimeClasspath,testRuntimeClasspath
org.jetbrains.kotlin:kotlin-scripting-compiler-impl-embeddable:1.3.72=kotlinCompilerPluginClasspath
org.jetbrains.kotlin:kotlin-scripting-compiler-impl-embeddable:1.4.21-2=default,runtimeClasspath,testRuntimeClasspath
org.jetbrains.kotlin:kotlin-scripting-jvm:1.3.72=kotlinCompilerPluginClasspath
org.jetbrains.kotlin:kotlin-scripting-jvm:1.4.21-2=default,runtimeClasspath,testRuntimeClasspath
org.jetbrains.kotlin:kotlin-stdlib-common:1.3.72=compileOnly,compileOnlyDependenciesMetadata,embeddedKotlin,kotlinCompilerClasspath,kotlinCompilerPluginClasspath
org.jetbrains.kotlin:kotlin-stdlib-common:1.4.21-2=compileClasspath,default,implementationDependenciesMetadata,runtimeClasspath,testCompileClasspath,testImplementationDependenciesMetadata,testRuntimeClasspath
org.jetbrains.kotlin:kotlin-stdlib-jdk7:1.3.72=compileClasspath,compileOnly,compileOnlyDependenciesMetadata,embeddedKotlin,testCompileClasspath,testImplementationDependenciesMetadata,testRuntimeClasspath
org.jetbrains.kotlin:kotlin-stdlib-jdk8:1.3.72=compileClasspath,compileOnly,compileOnlyDependenciesMetadata,embeddedKotlin,testCompileClasspath,testImplementationDependenciesMetadata,testRuntimeClasspath
org.jetbrains.kotlin:kotlin-stdlib:1.3.72=compileOnly,compileOnlyDependenciesMetadata,embeddedKotlin,kotlinCompilerClasspath,kotlinCompilerPluginClasspath
org.jetbrains.kotlin:kotlin-stdlib:1.4.21-2=compileClasspath,default,implementationDependenciesMetadata,runtimeClasspath,testCompileClasspath,testImplementationDependenciesMetadata,testRuntimeClasspath
org.jetbrains.kotlin:kotlin-util-io:1.3.72=kotlinCompilerPluginClasspath
org.jetbrains.kotlin:kotlin-util-io:1.4.21-2=compileClasspath,default,implementationDependenciesMetadata,runtimeClasspath,testCompileClasspath,testImplementationDependenciesMetadata,testRuntimeClasspath
org.jetbrains.kotlin:kotlin-util-klib:1.4.21-2=compileClasspath,default,implementationDependenciesMetadata,runtimeClasspath,testCompileClasspath,testImplementationDependenciesMetadata,testRuntimeClasspath
org.jetbrains.kotlinx:kotlinx-coroutines-core:1.2.1=kotlinCompilerPluginClasspath
org.jetbrains.kotlinx:kotlinx-coroutines-core:1.3.7=default,runtimeClasspath,testRuntimeClasspath
org.jetbrains:annotations:13.0=compileClasspath,compileOnly,compileOnlyDependenciesMetadata,default,embeddedKotlin,implementationDependenciesMetadata,kotlinCompilerClasspath,kotlinCompilerPluginClasspath,runtimeClasspath,testCompileClasspath,testImplementationDependenciesMetadata,testRuntimeClasspath
empty=annotationProcessor,apiDependenciesMetadata,archives,compile,kotlinNativeCompilerPluginClasspath,kotlinScriptDef,kotlinScriptDefExtensions,runtime,runtimeOnlyDependenciesMetadata,testAnnotationProcessor,testApiDependenciesMetadata,testCompile,testCompileOnly,testCompileOnlyDependenciesMetadata,testKotlinScriptDef,testKotlinScriptDefExtensions,testRuntime,testRuntimeOnlyDependenciesMetadata
