# This is a Gradle generated file for dependency locking.
# Manual edits can break the build and are not advised.
# This file is expected to be part of source control.
com.fasterxml.jackson.core:jackson-core:2.11.0.rc1
org.springframework:spring-beans:5.2.5.RELEASE
org.springframework:spring-core:5.2.5.RELEASE
org.springframework:spring-jcl:5.2.5.RELEASE
org.springframework:spring-web:5.2.5.RELEASE
